
Microsoft Visual Studio Solution File, Format Version 12.00
# Visual Studio Version 16
VisualStudioVersion = 16.0.30114.105
MinimumVisualStudioVersion = 10.0.40219.1
Project("{9A19103F-16F7-4668-BE54-9A1E7A4F7556}") = "CovidConsoleApp", "CovidConsoleApp\CovidConsoleApp.csproj", "{83F1D6D9-B1D2-4B14-BDFE-BA987AC1AB1F}"
EndProject
Project("{FAE04EC0-301F-11D3-BF4B-00C04F79EFBC}") = "CrossCutting", "CrossCutting\CrossCutting.csproj", "{FCD97CC9-0B2B-4F42-A925-3AD8A81B354D}"
EndProject
Global
	GlobalSection(SolutionConfigurationPlatforms) = preSolution
		Debug|Any CPU = Debug|Any CPU
		Release|Any CPU = Release|Any CPU
	EndGlobalSection
	GlobalSection(ProjectConfigurationPlatforms) = postSolution
		{83F1D6D9-B1D2-4B14-BDFE-BA987AC1AB1F}.Debug|Any CPU.ActiveCfg = Debug|Any CPU
		{83F1D6D9-B1D2-4B14-BDFE-BA987AC1AB1F}.Debug|Any CPU.Build.0 = Debug|Any CPU
		{83F1D6D9-B1D2-4B14-BDFE-BA987AC1AB1F}.Release|Any CPU.ActiveCfg = Release|Any CPU
		{83F1D6D9-B1D2-4B14-BDFE-BA987AC1AB1F}.Release|Any CPU.Build.0 = Release|Any CPU
		{FCD97CC9-0B2B-4F42-A925-3AD8A81B354D}.Debug|Any CPU.ActiveCfg = Debug|Any CPU
		{FCD97CC9-0B2B-4F42-A925-3AD8A81B354D}.Debug|Any CPU.Build.0 = Debug|Any CPU
		{FCD97CC9-0B2B-4F42-A925-3AD8A81B354D}.Release|Any CPU.ActiveCfg = Release|Any CPU
		{FCD97CC9-0B2B-4F42-A925-3AD8A81B354D}.Release|Any CPU.Build.0 = Release|Any CPU
	EndGlobalSection
	GlobalSection(SolutionProperties) = preSolution
		HideSolutionNode = FALSE
	EndGlobalSection
	GlobalSection(ExtensibilityGlobals) = postSolution
		SolutionGuid = {CE436D5F-B92C-49C8-86AC-F011790F9DB3}
	EndGlobalSection
EndGlobal
